Microsoft Visual Studio Solution File, Format Version 12.00
# Visual Studio Version 17
VisualStudioVersion = 17.5.2.0
MinimumVisualStudioVersion = 10.0.40219.1
Project("{FAE04EC0-301F-11D3-BF4B-00C04F79EFBC}") = "conectaCuatro", "conectaCuatro.csproj", "{5C208C59-41E6-2B9D-0BBC-633BF4E923E4}"
EndProject
Global
	GlobalSection(SolutionConfigurationPlatforms) = preSolution
		Debug|Any CPU = Debug|Any CPU
		Release|Any CPU = Release|Any CPU
	EndGlobalSection
	GlobalSection(ProjectConfigurationPlatforms) = postSolution
		{5C208C59-41E6-2B9D-0BBC-633BF4E923E4}.Debug|Any CPU.ActiveCfg = Debug|Any CPU
		{5C208C59-41E6-2B9D-0BBC-633BF4E923E4}.Debug|Any CPU.Build.0 = Debug|Any CPU
		{5C208C59-41E6-2B9D-0BBC-633BF4E923E4}.Release|Any CPU.ActiveCfg = Release|Any CPU
		{5C208C59-41E6-2B9D-0BBC-633BF4E923E4}.Release|Any CPU.Build.0 = Release|Any CPU
	EndGlobalSection
	GlobalSection(SolutionProperties) = preSolution
		HideSolutionNode = FALSE
	EndGlobalSection
	GlobalSection(ExtensibilityGlobals) = postSolution
		SolutionGuid = {C1EF0906-B4B3-43FE-8665-0ECE0C3A4FCC}
	EndGlobalSection
EndGlobal
